
Microsoft Visual Studio Solution File, Format Version 12.00
# Visual Studio Version 16
VisualStudioVersion = 16.0.30804.86
MinimumVisualStudioVersion = 10.0.40219.1
Project("{9A19103F-16F7-4668-BE54-9A1E7A4F7556}") = "exploreMostar.WebAPI", "exploreMostar.WEBAPI\exploreMostar.WebAPI.csproj", "{48137719-7E2D-4246-98CC-41059CB38EC3}"
EndProject
Project("{9A19103F-16F7-4668-BE54-9A1E7A4F7556}") = "exploreMostar.Model", "exploreMostar.Model\exploreMostar.Model.csproj", "{8DFAA9A0-88BD-45A8-BED3-63027DD0DBCD}"
EndProject
Project("{FAE04EC0-301F-11D3-BF4B-00C04F79EFBC}") = "exploreMostar.WinUI", "exploreMostar.WinUI\exploreMostar.WinUI.csproj", "{30C232AC-9B11-4430-9839-A47058C466F1}"
EndProject
Project("{2150E333-8FDC-42A3-9474-1A3956D46DE8}") = "exploreMostar.Mobile", "exploreMostar.Mobile", "{D38A44DA-6461-4917-92D1-B3C49282678A}"
EndProject
Project("{FAE04EC0-301F-11D3-BF4B-00C04F79EFBC}") = "exploreMostar.MobileApp.UWP", "exploreMostar.MobileApp\exploreMostar.MobileApp.UWP\exploreMostar.MobileApp.UWP.csproj", "{35BC7CA7-E745-4C33-B6B8-74A296D8CD20}"
EndProject
Project("{FAE04EC0-301F-11D3-BF4B-00C04F79EFBC}") = "exploreMostar.MobileApp.Android", "exploreMostar.MobileApp\exploreMostar.MobileApp.Android\exploreMostar.MobileApp.Android.csproj", "{555326CC-013E-4C9F-A1C8-6F201A007092}"
EndProject
Project("{FAE04EC0-301F-11D3-BF4B-00C04F79EFBC}") = "exploreMostar.MobileApp.iOS", "exploreMostar.MobileApp\exploreMostar.MobileApp.iOS\exploreMostar.MobileApp.iOS.csproj", "{E1C75DAC-11B0-442D-9610-2450DC0F46D9}"
EndProject
Project("{9A19103F-16F7-4668-BE54-9A1E7A4F7556}") = "exploreMostar.MobileApp", "exploreMostar.MobileApp\exploreMostar.MobileApp\exploreMostar.MobileApp.csproj", "{DA430FD8-6A47-4451-B4F0-C90E8B36CC12}"
EndProject
Global
	GlobalSection(SolutionConfigurationPlatforms) = preSolution
		Debug|Any CPU = Debug|Any CPU
		Debug|ARM = Debug|ARM
		Debug|iPhone = Debug|iPhone
		Debug|iPhoneSimulator = Debug|iPhoneSimulator
		Debug|x64 = Debug|x64
		Debug|x86 = Debug|x86
		Release|Any CPU = Release|Any CPU
		Release|ARM = Release|ARM
		Release|iPhone = Release|iPhone
		Release|iPhoneSimulator = Release|iPhoneSimulator
		Release|x64 = Release|x64
		Release|x86 = Release|x86
	EndGlobalSection
	GlobalSection(ProjectConfigurationPlatforms) = postSolution
		{48137719-7E2D-4246-98CC-41059CB38EC3}.Debug|Any CPU.ActiveCfg = Debug|Any CPU
		{48137719-7E2D-4246-98CC-41059CB38EC3}.Debug|Any CPU.Build.0 = Debug|Any CPU
		{48137719-7E2D-4246-98CC-41059CB38EC3}.Debug|ARM.ActiveCfg = Debug|Any CPU
		{48137719-7E2D-4246-98CC-41059CB38EC3}.Debug|ARM.Build.0 = Debug|Any CPU
		{48137719-7E2D-4246-98CC-41059CB38EC3}.Debug|iPhone.ActiveCfg = Debug|Any CPU
		{48137719-7E2D-4246-98CC-41059CB38EC3}.Debug|iPhone.Build.0 = Debug|Any CPU
		{48137719-7E2D-4246-98CC-41059CB38EC3}.Debug|iPhoneSimulator.ActiveCfg = Debug|Any CPU
		{48137719-7E2D-4246-98CC-41059CB38EC3}.Debug|iPhoneSimulator.Build.0 = Debug|Any CPU
		{48137719-7E2D-4246-98CC-41059CB38EC3}.Debug|x64.ActiveCfg = Debug|Any CPU
		{48137719-7E2D-4246-98CC-41059CB38EC3}.Debug|x64.Build.0 = Debug|Any CPU
		{48137719-7E2D-4246-98CC-41059CB38EC3}.Debug|x86.ActiveCfg = Debug|Any CPU
		{48137719-7E2D-4246-98CC-41059CB38EC3}.Debug|x86.Build.0 = Debug|Any CPU
		{48137719-7E2D-4246-98CC-41059CB38EC3}.Release|Any CPU.ActiveCfg = Release|Any CPU
		{48137719-7E2D-4246-98CC-41059CB38EC3}.Release|Any CPU.Build.0 = Release|Any CPU
		{48137719-7E2D-4246-98CC-41059CB38EC3}.Release|ARM.ActiveCfg = Release|Any CPU
		{48137719-7E2D-4246-98CC-41059CB38EC3}.Release|ARM.Build.0 = Release|Any CPU
		{48137719-7E2D-4246-98CC-41059CB38EC3}.Release|iPhone.ActiveCfg = Release|Any CPU
		{48137719-7E2D-4246-98CC-41059CB38EC3}.Release|iPhone.Build.0 = Release|Any CPU
		{48137719-7E2D-4246-98CC-41059CB38EC3}.Release|iPhoneSimulator.ActiveCfg = Release|Any CPU
		{48137719-7E2D-4246-98CC-41059CB38EC3}.Release|iPhoneSimulator.Build.0 = Release|Any CPU
		{48137719-7E2D-4246-98CC-41059CB38EC3}.Release|x64.ActiveCfg = Release|Any CPU
		{48137719-7E2D-4246-98CC-41059CB38EC3}.Release|x64.Build.0 = Release|Any CPU
		{48137719-7E2D-4246-98CC-41059CB38EC3}.Release|x86.ActiveCfg = Release|Any CPU
		{48137719-7E2D-4246-98CC-41059CB38EC3}.Release|x86.Build.0 = Release|Any CPU
		{8DFAA9A0-88BD-45A8-BED3-63027DD0DBCD}.Debug|Any CPU.ActiveCfg = Debug|Any CPU
		{8DFAA9A0-88BD-45A8-BED3-63027DD0DBCD}.Debug|Any CPU.Build.0 = Debug|Any CPU
		{8DFAA9A0-88BD-45A8-BED3-63027DD0DBCD}.Debug|ARM.ActiveCfg = Debug|Any CPU
		{8DFAA9A0-88BD-45A8-BED3-63027DD0DBCD}.Debug|ARM.Build.0 = Debug|Any CPU
		{8DFAA9A0-88BD-45A8-BED3-63027DD0DBCD}.Debug|iPhone.ActiveCfg = Debug|Any CPU
		{8DFAA9A0-88BD-45A8-BED3-63027DD0DBCD}.Debug|iPhone.Build.0 = Debug|Any CPU
		{8DFAA9A0-88BD-45A8-BED3-63027DD0DBCD}.Debug|iPhoneSimulator.ActiveCfg = Debug|Any CPU
		{8DFAA9A0-88BD-45A8-BED3-63027DD0DBCD}.Debug|iPhoneSimulator.Build.0 = Debug|Any CPU
		{8DFAA9A0-88BD-45A8-BED3-63027DD0DBCD}.Debug|x64.ActiveCfg = Debug|Any CPU
		{8DFAA9A0-88BD-45A8-BED3-63027DD0DBCD}.Debug|x64.Build.0 = Debug|Any CPU
		{8DFAA9A0-88BD-45A8-BED3-63027DD0DBCD}.Debug|x86.ActiveCfg = Debug|Any CPU
		{8DFAA9A0-88BD-45A8-BED3-63027DD0DBCD}.Debug|x86.Build.0 = Debug|Any CPU
		{8DFAA9A0-88BD-45A8-BED3-63027DD0DBCD}.Release|Any CPU.ActiveCfg = Release|Any CPU
		{8DFAA9A0-88BD-45A8-BED3-63027DD0DBCD}.Release|Any CPU.Build.0 = Release|Any CPU
		{8DFAA9A0-88BD-45A8-BED3-63027DD0DBCD}.Release|ARM.ActiveCfg = Release|Any CPU
		{8DFAA9A0-88BD-45A8-BED3-63027DD0DBCD}.Release|ARM.Build.0 = Release|Any CPU
		{8DFAA9A0-88BD-45A8-BED3-63027DD0DBCD}.Release|iPhone.ActiveCfg = Release|Any CPU
		{8DFAA9A0-88BD-45A8-BED3-63027DD0DBCD}.Release|iPhone.Build.0 = Release|Any CPU
		{8DFAA9A0-88BD-45A8-BED3-63027DD0DBCD}.Release|iPhoneSimulator.ActiveCfg = Release|Any CPU
		{8DFAA9A0-88BD-45A8-BED3-63027DD0DBCD}.Release|iPhoneSimulator.Build.0 = Release|Any CPU
		{8DFAA9A0-88BD-45A8-BED3-63027DD0DBCD}.Release|x64.ActiveCfg = Release|Any CPU
		{8DFAA9A0-88BD-45A8-BED3-63027DD0DBCD}.Release|x64.Build.0 = Release|Any CPU
		{8DFAA9A0-88BD-45A8-BED3-63027DD0DBCD}.Release|x86.ActiveCfg = Release|Any CPU
		{8DFAA9A0-88BD-45A8-BED3-63027DD0DBCD}.Release|x86.Build.0 = Release|Any CPU
		{30C232AC-9B11-4430-9839-A47058C466F1}.Debug|Any CPU.ActiveCfg = Debug|Any CPU
		{30C232AC-9B11-4430-9839-A47058C466F1}.Debug|Any CPU.Build.0 = Debug|Any CPU
		{30C232AC-9B11-4430-9839-A47058C466F1}.Debug|ARM.ActiveCfg = Debug|Any CPU
		{30C232AC-9B11-4430-9839-A47058C466F1}.Debug|ARM.Build.0 = Debug|Any CPU
		{30C232AC-9B11-4430-9839-A47058C466F1}.Debug|iPhone.ActiveCfg = Debug|Any CPU
		{30C232AC-9B11-4430-9839-A47058C466F1}.Debug|iPhone.Build.0 = Debug|Any CPU
		{30C232AC-9B11-4430-9839-A47058C466F1}.Debug|iPhoneSimulator.ActiveCfg = Debug|Any CPU
		{30C232AC-9B11-4430-9839-A47058C466F1}.Debug|iPhoneSimulator.Build.0 = Debug|Any CPU
		{30C232AC-9B11-4430-9839-A47058C466F1}.Debug|x64.ActiveCfg = Debug|Any CPU
		{30C232AC-9B11-4430-9839-A47058C466F1}.Debug|x64.Build.0 = Debug|Any CPU
		{30C232AC-9B11-4430-9839-A47058C466F1}.Debug|x86.ActiveCfg = Debug|Any CPU
		{30C232AC-9B11-4430-9839-A47058C466F1}.Debug|x86.Build.0 = Debug|Any CPU
		{30C232AC-9B11-4430-9839-A47058C466F1}.Release|Any CPU.ActiveCfg = Release|Any CPU
		{30C232AC-9B11-4430-9839-A47058C466F1}.Release|Any CPU.Build.0 = Release|Any CPU
		{30C232AC-9B11-4430-9839-A47058C466F1}.Release|ARM.ActiveCfg = Release|Any CPU
		{30C232AC-9B11-4430-9839-A47058C466F1}.Release|ARM.Build.0 = Release|Any CPU
		{30C232AC-9B11-4430-9839-A47058C466F1}.Release|iPhone.ActiveCfg = Release|Any CPU
		{30C232AC-9B11-4430-9839-A47058C466F1}.Release|iPhone.Build.0 = Release|Any CPU
		{30C232AC-9B11-4430-9839-A47058C466F1}.Release|iPhoneSimulator.ActiveCfg = Release|Any CPU
		{30C232AC-9B11-4430-9839-A47058C466F1}.Release|iPhoneSimulator.Build.0 = Release|Any CPU
		{30C232AC-9B11-4430-9839-A47058C466F1}.Release|x64.ActiveCfg = Release|Any CPU
		{30C232AC-9B11-4430-9839-A47058C466F1}.Release|x64.Build.0 = Release|Any CPU
		{30C232AC-9B11-4430-9839-A47058C466F1}.Release|x86.ActiveCfg = Release|Any CPU
		{30C232AC-9B11-4430-9839-A47058C466F1}.Release|x86.Build.0 = Release|Any CPU
		{35BC7CA7-E745-4C33-B6B8-74A296D8CD20}.Debug|Any CPU.ActiveCfg = Debug|x86
		{35BC7CA7-E745-4C33-B6B8-74A296D8CD20}.Debug|ARM.ActiveCfg = Debug|ARM
		{35BC7CA7-E745-4C33-B6B8-74A296D8CD20}.Debug|ARM.Build.0 = Debug|ARM
		{35BC7CA7-E745-4C33-B6B8-74A296D8CD20}.Debug|ARM.Deploy.0 = Debug|ARM
		{35BC7CA7-E745-4C33-B6B8-74A296D8CD20}.Debug|iPhone.ActiveCfg = Debug|x86
		{35BC7CA7-E745-4C33-B6B8-74A296D8CD20}.Debug|iPhoneSimulator.ActiveCfg = Debug|x86
		{35BC7CA7-E745-4C33-B6B8-74A296D8CD20}.Debug|x64.ActiveCfg = Debug|x64
		{35BC7CA7-E745-4C33-B6B8-74A296D8CD20}.Debug|x64.Build.0 = Debug|x64
		{35BC7CA7-E745-4C33-B6B8-74A296D8CD20}.Debug|x64.Deploy.0 = Debug|x64
		{35BC7CA7-E745-4C33-B6B8-74A296D8CD20}.Debug|x86.ActiveCfg = Debug|x86
		{35BC7CA7-E745-4C33-B6B8-74A296D8CD20}.Debug|x86.Build.0 = Debug|x86
		{35BC7CA7-E745-4C33-B6B8-74A296D8CD20}.Debug|x86.Deploy.0 = Debug|x86
		{35BC7CA7-E745-4C33-B6B8-74A296D8CD20}.Release|Any CPU.ActiveCfg = Release|x86
		{35BC7CA7-E745-4C33-B6B8-74A296D8CD20}.Release|ARM.ActiveCfg = Release|ARM
		{35BC7CA7-E745-4C33-B6B8-74A296D8CD20}.Release|ARM.Build.0 = Release|ARM
		{35BC7CA7-E745-4C33-B6B8-74A296D8CD20}.Release|ARM.Deploy.0 = Release|ARM
		{35BC7CA7-E745-4C33-B6B8-74A296D8CD20}.Release|iPhone.ActiveCfg = Release|x86
		{35BC7CA7-E745-4C33-B6B8-74A296D8CD20}.Release|iPhoneSimulator.ActiveCfg = Release|x86
		{35BC7CA7-E745-4C33-B6B8-74A296D8CD20}.Release|x64.ActiveCfg = Release|x64
		{35BC7CA7-E745-4C33-B6B8-74A296D8CD20}.Release|x64.Build.0 = Release|x64
		{35BC7CA7-E745-4C33-B6B8-74A296D8CD20}.Release|x64.Deploy.0 = Release|x64
		{35BC7CA7-E745-4C33-B6B8-74A296D8CD20}.Release|x86.ActiveCfg = Release|x86
		{35BC7CA7-E745-4C33-B6B8-74A296D8CD20}.Release|x86.Build.0 = Release|x86
		{35BC7CA7-E745-4C33-B6B8-74A296D8CD20}.Release|x86.Deploy.0 = Release|x86
		{555326CC-013E-4C9F-A1C8-6F201A007092}.Debug|Any CPU.ActiveCfg = Debug|Any CPU
		{555326CC-013E-4C9F-A1C8-6F201A007092}.Debug|Any CPU.Build.0 = Debug|Any CPU
		{555326CC-013E-4C9F-A1C8-6F201A007092}.Debug|Any CPU.Deploy.0 = Debug|Any CPU
		{555326CC-013E-4C9F-A1C8-6F201A007092}.Debug|ARM.ActiveCfg = Debug|Any CPU
		{555326CC-013E-4C9F-A1C8-6F201A007092}.Debug|ARM.Build.0 = Debug|Any CPU
		{555326CC-013E-4C9F-A1C8-6F201A007092}.Debug|ARM.Deploy.0 = Debug|Any CPU
		{555326CC-013E-4C9F-A1C8-6F201A007092}.Debug|iPhone.ActiveCfg = Debug|Any CPU
		{555326CC-013E-4C9F-A1C8-6F201A007092}.Debug|iPhone.Build.0 = Debug|Any CPU
		{555326CC-013E-4C9F-A1C8-6F201A007092}.Debug|iPhone.Deploy.0 = Debug|Any CPU
		{555326CC-013E-4C9F-A1C8-6F201A007092}.Debug|iPhoneSimulator.ActiveCfg = Debug|Any CPU
		{555326CC-013E-4C9F-A1C8-6F201A007092}.Debug|iPhoneSimulator.Build.0 = Debug|Any CPU
		{555326CC-013E-4C9F-A1C8-6F201A007092}.Debug|iPhoneSimulator.Deploy.0 = Debug|Any CPU
		{555326CC-013E-4C9F-A1C8-6F201A007092}.Debug|x64.ActiveCfg = Debug|Any CPU
		{555326CC-013E-4C9F-A1C8-6F201A007092}.Debug|x64.Build.0 = Debug|Any CPU
		{555326CC-013E-4C9F-A1C8-6F201A007092}.Debug|x64.Deploy.0 = Debug|Any CPU
		{555326CC-013E-4C9F-A1C8-6F201A007092}.Debug|x86.ActiveCfg = Debug|Any CPU
		{555326CC-013E-4C9F-A1C8-6F201A007092}.Debug|x86.Build.0 = Debug|Any CPU
		{555326CC-013E-4C9F-A1C8-6F201A007092}.Debug|x86.Deploy.0 = Debug|Any CPU
		{555326CC-013E-4C9F-A1C8-6F201A007092}.Release|Any CPU.ActiveCfg = Release|Any CPU
		{555326CC-013E-4C9F-A1C8-6F201A007092}.Release|Any CPU.Build.0 = Release|Any CPU
		{555326CC-013E-4C9F-A1C8-6F201A007092}.Release|Any CPU.Deploy.0 = Release|Any CPU
		{555326CC-013E-4C9F-A1C8-6F201A007092}.Release|ARM.ActiveCfg = Release|Any CPU
		{555326CC-013E-4C9F-A1C8-6F201A007092}.Release|ARM.Build.0 = Release|Any CPU
		{555326CC-013E-4C9F-A1C8-6F201A007092}.Release|ARM.Deploy.0 = Release|Any CPU
		{555326CC-013E-4C9F-A1C8-6F201A007092}.Release|iPhone.ActiveCfg = Release|Any CPU
		{555326CC-013E-4C9F-A1C8-6F201A007092}.Release|iPhone.Build.0 = Release|Any CPU
		{555326CC-013E-4C9F-A1C8-6F201A007092}.Release|iPhone.Deploy.0 = Release|Any CPU
		{555326CC-013E-4C9F-A1C8-6F201A007092}.Release|iPhoneSimulator.ActiveCfg = Release|Any CPU
		{555326CC-013E-4C9F-A1C8-6F201A007092}.Release|iPhoneSimulator.Build.0 = Release|Any CPU
		{555326CC-013E-4C9F-A1C8-6F201A007092}.Release|iPhoneSimulator.Deploy.0 = Release|Any CPU
		{555326CC-013E-4C9F-A1C8-6F201A007092}.Release|x64.ActiveCfg = Release|Any CPU
		{555326CC-013E-4C9F-A1C8-6F201A007092}.Release|x64.Build.0 = Release|Any CPU
		{555326CC-013E-4C9F-A1C8-6F201A007092}.Release|x64.Deploy.0 = Release|Any CPU
		{555326CC-013E-4C9F-A1C8-6F201A007092}.Release|x86.ActiveCfg = Release|Any CPU
		{555326CC-013E-4C9F-A1C8-6F201A007092}.Release|x86.Build.0 = Release|Any CPU
		{555326CC-013E-4C9F-A1C8-6F201A007092}.Release|x86.Deploy.0 = Release|Any CPU
		{E1C75DAC-11B0-442D-9610-2450DC0F46D9}.Debug|Any CPU.ActiveCfg = Debug|iPhoneSimulator
		{E1C75DAC-11B0-442D-9610-2450DC0F46D9}.Debug|ARM.ActiveCfg = Debug|iPhoneSimulator
		{E1C75DAC-11B0-442D-9610-2450DC0F46D9}.Debug|iPhone.ActiveCfg = Debug|iPhone
		{E1C75DAC-11B0-442D-9610-2450DC0F46D9}.Debug|iPhone.Build.0 = Debug|iPhone
		{E1C75DAC-11B0-442D-9610-2450DC0F46D9}.Debug|iPhoneSimulator.ActiveCfg = Debug|iPhoneSimulator
		{E1C75DAC-11B0-442D-9610-2450DC0F46D9}.Debug|iPhoneSimulator.Build.0 = Debug|iPhoneSimulator
		{E1C75DAC-11B0-442D-9610-2450DC0F46D9}.Debug|x64.ActiveCfg = Debug|iPhoneSimulator
		{E1C75DAC-11B0-442D-9610-2450DC0F46D9}.Debug|x86.ActiveCfg = Debug|iPhoneSimulator
		{E1C75DAC-11B0-442D-9610-2450DC0F46D9}.Release|Any CPU.ActiveCfg = Release|iPhoneSimulator
		{E1C75DAC-11B0-442D-9610-2450DC0F46D9}.Release|ARM.ActiveCfg = Release|iPhoneSimulator
		{E1C75DAC-11B0-442D-9610-2450DC0F46D9}.Release|iPhone.ActiveCfg = Release|iPhone
		{E1C75DAC-11B0-442D-9610-2450DC0F46D9}.Release|iPhone.Build.0 = Release|iPhone
		{E1C75DAC-11B0-442D-9610-2450DC0F46D9}.Release|iPhoneSimulator.ActiveCfg = Release|iPhoneSimulator
		{E1C75DAC-11B0-442D-9610-2450DC0F46D9}.Release|iPhoneSimulator.Build.0 = Release|iPhoneSimulator
		{E1C75DAC-11B0-442D-9610-2450DC0F46D9}.Release|x64.ActiveCfg = Release|iPhoneSimulator
		{E1C75DAC-11B0-442D-9610-2450DC0F46D9}.Release|x86.ActiveCfg = Release|iPhoneSimulator
		{DA430FD8-6A47-4451-B4F0-C90E8B36CC12}.Debug|Any CPU.ActiveCfg = Debug|Any CPU
		{DA430FD8-6A47-4451-B4F0-C90E8B36CC12}.Debug|Any CPU.Build.0 = Debug|Any CPU
		{DA430FD8-6A47-4451-B4F0-C90E8B36CC12}.Debug|ARM.ActiveCfg = Debug|Any CPU
		{DA430FD8-6A47-4451-B4F0-C90E8B36CC12}.Debug|ARM.Build.0 = Debug|Any CPU
		{DA430FD8-6A47-4451-B4F0-C90E8B36CC12}.Debug|iPhone.ActiveCfg = Debug|Any CPU
		{DA430FD8-6A47-4451-B4F0-C90E8B36CC12}.Debug|iPhone.Build.0 = Debug|Any CPU
		{DA430FD8-6A47-4451-B4F0-C90E8B36CC12}.Debug|iPhoneSimulator.ActiveCfg = Debug|Any CPU
		{DA430FD8-6A47-4451-B4F0-C90E8B36CC12}.Debug|iPhoneSimulator.Build.0 = Debug|Any CPU
		{DA430FD8-6A47-4451-B4F0-C90E8B36CC12}.Debug|x64.ActiveCfg = Debug|Any CPU
		{DA430FD8-6A47-4451-B4F0-C90E8B36CC12}.Debug|x64.Build.0 = Debug|Any CPU
		{DA430FD8-6A47-4451-B4F0-C90E8B36CC12}.Debug|x86.ActiveCfg = Debug|Any CPU
		{DA430FD8-6A47-4451-B4F0-C90E8B36CC12}.Debug|x86.Build.0 = Debug|Any CPU
		{DA430FD8-6A47-4451-B4F0-C90E8B36CC12}.Release|Any CPU.ActiveCfg = Release|Any CPU
		{DA430FD8-6A47-4451-B4F0-C90E8B36CC12}.Release|Any CPU.Build.0 = Release|Any CPU
		{DA430FD8-6A47-4451-B4F0-C90E8B36CC12}.Release|ARM.ActiveCfg = Release|Any CPU
		{DA430FD8-6A47-4451-B4F0-C90E8B36CC12}.Release|ARM.Build.0 = Release|Any CPU
		{DA430FD8-6A47-4451-B4F0-C90E8B36CC12}.Release|iPhone.ActiveCfg = Release|Any CPU
		{DA430FD8-6A47-4451-B4F0-C90E8B36CC12}.Release|iPhone.Build.0 = Release|Any CPU
		{DA430FD8-6A47-4451-B4F0-C90E8B36CC12}.Release|iPhoneSimulator.ActiveCfg = Release|Any CPU
		{DA430FD8-6A47-4451-B4F0-C90E8B36CC12}.Release|iPhoneSimulator.Build.0 = Release|Any CPU
		{DA430FD8-6A47-4451-B4F0-C90E8B36CC12}.Release|x64.ActiveCfg = Release|Any CPU
		{DA430FD8-6A47-4451-B4F0-C90E8B36CC12}.Release|x64.Build.0 = Release|Any CPU
		{DA430FD8-6A47-4451-B4F0-C90E8B36CC12}.Release|x86.ActiveCfg = Release|Any CPU
		{DA430FD8-6A47-4451-B4F0-C90E8B36CC12}.Release|x86.Build.0 = Release|Any CPU
	EndGlobalSection
	GlobalSection(SolutionProperties) = preSolution
		HideSolutionNode = FALSE
	EndGlobalSection
	GlobalSection(NestedProjects) = preSolution
		{35BC7CA7-E745-4C33-B6B8-74A296D8CD20} = {D38A44DA-6461-4917-92D1-B3C49282678A}
		{555326CC-013E-4C9F-A1C8-6F201A007092} = {D38A44DA-6461-4917-92D1-B3C49282678A}
		{E1C75DAC-11B0-442D-9610-2450DC0F46D9} = {D38A44DA-6461-4917-92D1-B3C49282678A}
		{DA430FD8-6A47-4451-B4F0-C90E8B36CC12} = {D38A44DA-6461-4917-92D1-B3C49282678A}
	EndGlobalSection
	GlobalSection(ExtensibilityGlobals) = postSolution
		SolutionGuid = {53029FC7-79C3-49C4-ABD1-DDFAD2A35C91}
	EndGlobalSection
EndGlobal
