
Microsoft Visual Studio Solution File, Format Version 12.00
# Visual Studio Version 16
VisualStudioVersion = 16.0.30804.86
MinimumVisualStudioVersion = 10.0.40219.1
Project("{9A19103F-16F7-4668-BE54-9A1E7A4F7556}") = "exploreMostar.WebAPI", "exploreMostar.WEBAPI\exploreMostar.WebAPI.csproj", "{48137719-7E2D-4246-98CC-41059CB38EC3}"
EndProject
Project("{9A19103F-16F7-4668-BE54-9A1E7A4F7556}") = "exploreMostar.Model", "exploreMostar.Model\exploreMostar.Model.csproj", "{8DFAA9A0-88BD-45A8-BED3-63027DD0DBCD}"
EndProject
Project("{FAE04EC0-301F-11D3-BF4B-00C04F79EFBC}") = "exploreMostar.WinUI", "exploreMostar.WinUI\exploreMostar.WinUI.csproj", "{30C232AC-9B11-4430-9839-A47058C466F1}"
EndProject
Project("{2150E333-8FDC-42A3-9474-1A3956D46DE8}") = "exploreMostar.MobileApp", "exploreMostar.MobileApp", "{345BC285-0A72-4DEF-89E0-23BE730E7E6F}"
EndProject
Project("{FAE04EC0-301F-11D3-BF4B-00C04F79EFBC}") = "exploreMostar.Mobile.UWP", "exploreMostar.Mobile\exploreMostar.Mobile.UWP\exploreMostar.Mobile.UWP.csproj", "{03B7134C-1BB5-4F6D-8DC3-63CF0264E938}"
EndProject
Project("{FAE04EC0-301F-11D3-BF4B-00C04F79EFBC}") = "exploreMostar.Mobile.Android", "exploreMostar.Mobile\exploreMostar.Mobile.Android\exploreMostar.Mobile.Android.csproj", "{ECBE3186-FEA7-41F0-8E17-52EE83D197A3}"
EndProject
Project("{FAE04EC0-301F-11D3-BF4B-00C04F79EFBC}") = "exploreMostar.Mobile.iOS", "exploreMostar.Mobile\exploreMostar.Mobile.iOS\exploreMostar.Mobile.iOS.csproj", "{67482503-5F39-4900-A834-73CCA00AF127}"
EndProject
Project("{9A19103F-16F7-4668-BE54-9A1E7A4F7556}") = "exploreMostar.Mobile", "exploreMostar.Mobile\exploreMostar.Mobile\exploreMostar.Mobile.csproj", "{2740729D-7AFE-4B27-A2FB-64432596C62F}"
EndProject
Global
	GlobalSection(SolutionConfigurationPlatforms) = preSolution
		Debug|Any CPU = Debug|Any CPU
		Debug|ARM = Debug|ARM
		Debug|iPhone = Debug|iPhone
		Debug|iPhoneSimulator = Debug|iPhoneSimulator
		Debug|x64 = Debug|x64
		Debug|x86 = Debug|x86
		Release|Any CPU = Release|Any CPU
		Release|ARM = Release|ARM
		Release|iPhone = Release|iPhone
		Release|iPhoneSimulator = Release|iPhoneSimulator
		Release|x64 = Release|x64
		Release|x86 = Release|x86
	EndGlobalSection
	GlobalSection(ProjectConfigurationPlatforms) = postSolution
		{48137719-7E2D-4246-98CC-41059CB38EC3}.Debug|Any CPU.ActiveCfg = Debug|Any CPU
		{48137719-7E2D-4246-98CC-41059CB38EC3}.Debug|Any CPU.Build.0 = Debug|Any CPU
		{48137719-7E2D-4246-98CC-41059CB38EC3}.Debug|ARM.ActiveCfg = Debug|Any CPU
		{48137719-7E2D-4246-98CC-41059CB38EC3}.Debug|ARM.Build.0 = Debug|Any CPU
		{48137719-7E2D-4246-98CC-41059CB38EC3}.Debug|iPhone.ActiveCfg = Debug|Any CPU
		{48137719-7E2D-4246-98CC-41059CB38EC3}.Debug|iPhone.Build.0 = Debug|Any CPU
		{48137719-7E2D-4246-98CC-41059CB38EC3}.Debug|iPhoneSimulator.ActiveCfg = Debug|Any CPU
		{48137719-7E2D-4246-98CC-41059CB38EC3}.Debug|iPhoneSimulator.Build.0 = Debug|Any CPU
		{48137719-7E2D-4246-98CC-41059CB38EC3}.Debug|x64.ActiveCfg = Debug|Any CPU
		{48137719-7E2D-4246-98CC-41059CB38EC3}.Debug|x64.Build.0 = Debug|Any CPU
		{48137719-7E2D-4246-98CC-41059CB38EC3}.Debug|x86.ActiveCfg = Debug|Any CPU
		{48137719-7E2D-4246-98CC-41059CB38EC3}.Debug|x86.Build.0 = Debug|Any CPU
		{48137719-7E2D-4246-98CC-41059CB38EC3}.Release|Any CPU.ActiveCfg = Release|Any CPU
		{48137719-7E2D-4246-98CC-41059CB38EC3}.Release|Any CPU.Build.0 = Release|Any CPU
		{48137719-7E2D-4246-98CC-41059CB38EC3}.Release|ARM.ActiveCfg = Release|Any CPU
		{48137719-7E2D-4246-98CC-41059CB38EC3}.Release|ARM.Build.0 = Release|Any CPU
		{48137719-7E2D-4246-98CC-41059CB38EC3}.Release|iPhone.ActiveCfg = Release|Any CPU
		{48137719-7E2D-4246-98CC-41059CB38EC3}.Release|iPhone.Build.0 = Release|Any CPU
		{48137719-7E2D-4246-98CC-41059CB38EC3}.Release|iPhoneSimulator.ActiveCfg = Release|Any CPU
		{48137719-7E2D-4246-98CC-41059CB38EC3}.Release|iPhoneSimulator.Build.0 = Release|Any CPU
		{48137719-7E2D-4246-98CC-41059CB38EC3}.Release|x64.ActiveCfg = Release|Any CPU
		{48137719-7E2D-4246-98CC-41059CB38EC3}.Release|x64.Build.0 = Release|Any CPU
		{48137719-7E2D-4246-98CC-41059CB38EC3}.Release|x86.ActiveCfg = Release|Any CPU
		{48137719-7E2D-4246-98CC-41059CB38EC3}.Release|x86.Build.0 = Release|Any CPU
		{8DFAA9A0-88BD-45A8-BED3-63027DD0DBCD}.Debug|Any CPU.ActiveCfg = Debug|Any CPU
		{8DFAA9A0-88BD-45A8-BED3-63027DD0DBCD}.Debug|Any CPU.Build.0 = Debug|Any CPU
		{8DFAA9A0-88BD-45A8-BED3-63027DD0DBCD}.Debug|ARM.ActiveCfg = Debug|Any CPU
		{8DFAA9A0-88BD-45A8-BED3-63027DD0DBCD}.Debug|ARM.Build.0 = Debug|Any CPU
		{8DFAA9A0-88BD-45A8-BED3-63027DD0DBCD}.Debug|iPhone.ActiveCfg = Debug|Any CPU
		{8DFAA9A0-88BD-45A8-BED3-63027DD0DBCD}.Debug|iPhone.Build.0 = Debug|Any CPU
		{8DFAA9A0-88BD-45A8-BED3-63027DD0DBCD}.Debug|iPhoneSimulator.ActiveCfg = Debug|Any CPU
		{8DFAA9A0-88BD-45A8-BED3-63027DD0DBCD}.Debug|iPhoneSimulator.Build.0 = Debug|Any CPU
		{8DFAA9A0-88BD-45A8-BED3-63027DD0DBCD}.Debug|x64.ActiveCfg = Debug|Any CPU
		{8DFAA9A0-88BD-45A8-BED3-63027DD0DBCD}.Debug|x64.Build.0 = Debug|Any CPU
		{8DFAA9A0-88BD-45A8-BED3-63027DD0DBCD}.Debug|x86.ActiveCfg = Debug|Any CPU
		{8DFAA9A0-88BD-45A8-BED3-63027DD0DBCD}.Debug|x86.Build.0 = Debug|Any CPU
		{8DFAA9A0-88BD-45A8-BED3-63027DD0DBCD}.Release|Any CPU.ActiveCfg = Release|Any CPU
		{8DFAA9A0-88BD-45A8-BED3-63027DD0DBCD}.Release|Any CPU.Build.0 = Release|Any CPU
		{8DFAA9A0-88BD-45A8-BED3-63027DD0DBCD}.Release|ARM.ActiveCfg = Release|Any CPU
		{8DFAA9A0-88BD-45A8-BED3-63027DD0DBCD}.Release|ARM.Build.0 = Release|Any CPU
		{8DFAA9A0-88BD-45A8-BED3-63027DD0DBCD}.Release|iPhone.ActiveCfg = Release|Any CPU
		{8DFAA9A0-88BD-45A8-BED3-63027DD0DBCD}.Release|iPhone.Build.0 = Release|Any CPU
		{8DFAA9A0-88BD-45A8-BED3-63027DD0DBCD}.Release|iPhoneSimulator.ActiveCfg = Release|Any CPU
		{8DFAA9A0-88BD-45A8-BED3-63027DD0DBCD}.Release|iPhoneSimulator.Build.0 = Release|Any CPU
		{8DFAA9A0-88BD-45A8-BED3-63027DD0DBCD}.Release|x64.ActiveCfg = Release|Any CPU
		{8DFAA9A0-88BD-45A8-BED3-63027DD0DBCD}.Release|x64.Build.0 = Release|Any CPU
		{8DFAA9A0-88BD-45A8-BED3-63027DD0DBCD}.Release|x86.ActiveCfg = Release|Any CPU
		{8DFAA9A0-88BD-45A8-BED3-63027DD0DBCD}.Release|x86.Build.0 = Release|Any CPU
		{30C232AC-9B11-4430-9839-A47058C466F1}.Debug|Any CPU.ActiveCfg = Debug|Any CPU
		{30C232AC-9B11-4430-9839-A47058C466F1}.Debug|Any CPU.Build.0 = Debug|Any CPU
		{30C232AC-9B11-4430-9839-A47058C466F1}.Debug|ARM.ActiveCfg = Debug|Any CPU
		{30C232AC-9B11-4430-9839-A47058C466F1}.Debug|ARM.Build.0 = Debug|Any CPU
		{30C232AC-9B11-4430-9839-A47058C466F1}.Debug|iPhone.ActiveCfg = Debug|Any CPU
		{30C232AC-9B11-4430-9839-A47058C466F1}.Debug|iPhone.Build.0 = Debug|Any CPU
		{30C232AC-9B11-4430-9839-A47058C466F1}.Debug|iPhoneSimulator.ActiveCfg = Debug|Any CPU
		{30C232AC-9B11-4430-9839-A47058C466F1}.Debug|iPhoneSimulator.Build.0 = Debug|Any CPU
		{30C232AC-9B11-4430-9839-A47058C466F1}.Debug|x64.ActiveCfg = Debug|Any CPU
		{30C232AC-9B11-4430-9839-A47058C466F1}.Debug|x64.Build.0 = Debug|Any CPU
		{30C232AC-9B11-4430-9839-A47058C466F1}.Debug|x86.ActiveCfg = Debug|Any CPU
		{30C232AC-9B11-4430-9839-A47058C466F1}.Debug|x86.Build.0 = Debug|Any CPU
		{30C232AC-9B11-4430-9839-A47058C466F1}.Release|Any CPU.ActiveCfg = Release|Any CPU
		{30C232AC-9B11-4430-9839-A47058C466F1}.Release|Any CPU.Build.0 = Release|Any CPU
		{30C232AC-9B11-4430-9839-A47058C466F1}.Release|ARM.ActiveCfg = Release|Any CPU
		{30C232AC-9B11-4430-9839-A47058C466F1}.Release|ARM.Build.0 = Release|Any CPU
		{30C232AC-9B11-4430-9839-A47058C466F1}.Release|iPhone.ActiveCfg = Release|Any CPU
		{30C232AC-9B11-4430-9839-A47058C466F1}.Release|iPhone.Build.0 = Release|Any CPU
		{30C232AC-9B11-4430-9839-A47058C466F1}.Release|iPhoneSimulator.ActiveCfg = Release|Any CPU
		{30C232AC-9B11-4430-9839-A47058C466F1}.Release|iPhoneSimulator.Build.0 = Release|Any CPU
		{30C232AC-9B11-4430-9839-A47058C466F1}.Release|x64.ActiveCfg = Release|Any CPU
		{30C232AC-9B11-4430-9839-A47058C466F1}.Release|x64.Build.0 = Release|Any CPU
		{30C232AC-9B11-4430-9839-A47058C466F1}.Release|x86.ActiveCfg = Release|Any CPU
		{30C232AC-9B11-4430-9839-A47058C466F1}.Release|x86.Build.0 = Release|Any CPU
		{03B7134C-1BB5-4F6D-8DC3-63CF0264E938}.Debug|Any CPU.ActiveCfg = Debug|x86
		{03B7134C-1BB5-4F6D-8DC3-63CF0264E938}.Debug|Any CPU.Build.0 = Debug|x86
		{03B7134C-1BB5-4F6D-8DC3-63CF0264E938}.Debug|Any CPU.Deploy.0 = Debug|x86
		{03B7134C-1BB5-4F6D-8DC3-63CF0264E938}.Debug|ARM.ActiveCfg = Debug|ARM
		{03B7134C-1BB5-4F6D-8DC3-63CF0264E938}.Debug|ARM.Build.0 = Debug|ARM
		{03B7134C-1BB5-4F6D-8DC3-63CF0264E938}.Debug|ARM.Deploy.0 = Debug|ARM
		{03B7134C-1BB5-4F6D-8DC3-63CF0264E938}.Debug|iPhone.ActiveCfg = Debug|x86
		{03B7134C-1BB5-4F6D-8DC3-63CF0264E938}.Debug|iPhoneSimulator.ActiveCfg = Debug|x86
		{03B7134C-1BB5-4F6D-8DC3-63CF0264E938}.Debug|x64.ActiveCfg = Debug|x64
		{03B7134C-1BB5-4F6D-8DC3-63CF0264E938}.Debug|x64.Build.0 = Debug|x64
		{03B7134C-1BB5-4F6D-8DC3-63CF0264E938}.Debug|x64.Deploy.0 = Debug|x64
		{03B7134C-1BB5-4F6D-8DC3-63CF0264E938}.Debug|x86.ActiveCfg = Debug|x86
		{03B7134C-1BB5-4F6D-8DC3-63CF0264E938}.Debug|x86.Build.0 = Debug|x86
		{03B7134C-1BB5-4F6D-8DC3-63CF0264E938}.Debug|x86.Deploy.0 = Debug|x86
		{03B7134C-1BB5-4F6D-8DC3-63CF0264E938}.Release|Any CPU.ActiveCfg = Release|x86
		{03B7134C-1BB5-4F6D-8DC3-63CF0264E938}.Release|Any CPU.Build.0 = Release|x86
		{03B7134C-1BB5-4F6D-8DC3-63CF0264E938}.Release|Any CPU.Deploy.0 = Release|x86
		{03B7134C-1BB5-4F6D-8DC3-63CF0264E938}.Release|ARM.ActiveCfg = Release|ARM
		{03B7134C-1BB5-4F6D-8DC3-63CF0264E938}.Release|ARM.Build.0 = Release|ARM
		{03B7134C-1BB5-4F6D-8DC3-63CF0264E938}.Release|ARM.Deploy.0 = Release|ARM
		{03B7134C-1BB5-4F6D-8DC3-63CF0264E938}.Release|iPhone.ActiveCfg = Release|x86
		{03B7134C-1BB5-4F6D-8DC3-63CF0264E938}.Release|iPhoneSimulator.ActiveCfg = Release|x86
		{03B7134C-1BB5-4F6D-8DC3-63CF0264E938}.Release|x64.ActiveCfg = Release|x64
		{03B7134C-1BB5-4F6D-8DC3-63CF0264E938}.Release|x64.Build.0 = Release|x64
		{03B7134C-1BB5-4F6D-8DC3-63CF0264E938}.Release|x64.Deploy.0 = Release|x64
		{03B7134C-1BB5-4F6D-8DC3-63CF0264E938}.Release|x86.ActiveCfg = Release|x86
		{03B7134C-1BB5-4F6D-8DC3-63CF0264E938}.Release|x86.Build.0 = Release|x86
		{03B7134C-1BB5-4F6D-8DC3-63CF0264E938}.Release|x86.Deploy.0 = Release|x86
		{ECBE3186-FEA7-41F0-8E17-52EE83D197A3}.Debug|Any CPU.ActiveCfg = Debug|Any CPU
		{ECBE3186-FEA7-41F0-8E17-52EE83D197A3}.Debug|Any CPU.Build.0 = Debug|Any CPU
		{ECBE3186-FEA7-41F0-8E17-52EE83D197A3}.Debug|ARM.ActiveCfg = Debug|Any CPU
		{ECBE3186-FEA7-41F0-8E17-52EE83D197A3}.Debug|ARM.Build.0 = Debug|Any CPU
		{ECBE3186-FEA7-41F0-8E17-52EE83D197A3}.Debug|ARM.Deploy.0 = Debug|Any CPU
		{ECBE3186-FEA7-41F0-8E17-52EE83D197A3}.Debug|iPhone.ActiveCfg = Debug|Any CPU
		{ECBE3186-FEA7-41F0-8E17-52EE83D197A3}.Debug|iPhone.Build.0 = Debug|Any CPU
		{ECBE3186-FEA7-41F0-8E17-52EE83D197A3}.Debug|iPhone.Deploy.0 = Debug|Any CPU
		{ECBE3186-FEA7-41F0-8E17-52EE83D197A3}.Debug|iPhoneSimulator.ActiveCfg = Debug|Any CPU
		{ECBE3186-FEA7-41F0-8E17-52EE83D197A3}.Debug|iPhoneSimulator.Build.0 = Debug|Any CPU
		{ECBE3186-FEA7-41F0-8E17-52EE83D197A3}.Debug|iPhoneSimulator.Deploy.0 = Debug|Any CPU
		{ECBE3186-FEA7-41F0-8E17-52EE83D197A3}.Debug|x64.ActiveCfg = Debug|Any CPU
		{ECBE3186-FEA7-41F0-8E17-52EE83D197A3}.Debug|x64.Build.0 = Debug|Any CPU
		{ECBE3186-FEA7-41F0-8E17-52EE83D197A3}.Debug|x64.Deploy.0 = Debug|Any CPU
		{ECBE3186-FEA7-41F0-8E17-52EE83D197A3}.Debug|x86.ActiveCfg = Debug|Any CPU
		{ECBE3186-FEA7-41F0-8E17-52EE83D197A3}.Debug|x86.Build.0 = Debug|Any CPU
		{ECBE3186-FEA7-41F0-8E17-52EE83D197A3}.Debug|x86.Deploy.0 = Debug|Any CPU
		{ECBE3186-FEA7-41F0-8E17-52EE83D197A3}.Release|Any CPU.ActiveCfg = Release|Any CPU
		{ECBE3186-FEA7-41F0-8E17-52EE83D197A3}.Release|Any CPU.Build.0 = Release|Any CPU
		{ECBE3186-FEA7-41F0-8E17-52EE83D197A3}.Release|Any CPU.Deploy.0 = Release|Any CPU
		{ECBE3186-FEA7-41F0-8E17-52EE83D197A3}.Release|ARM.ActiveCfg = Release|Any CPU
		{ECBE3186-FEA7-41F0-8E17-52EE83D197A3}.Release|ARM.Build.0 = Release|Any CPU
		{ECBE3186-FEA7-41F0-8E17-52EE83D197A3}.Release|ARM.Deploy.0 = Release|Any CPU
		{ECBE3186-FEA7-41F0-8E17-52EE83D197A3}.Release|iPhone.ActiveCfg = Release|Any CPU
		{ECBE3186-FEA7-41F0-8E17-52EE83D197A3}.Release|iPhone.Build.0 = Release|Any CPU
		{ECBE3186-FEA7-41F0-8E17-52EE83D197A3}.Release|iPhone.Deploy.0 = Release|Any CPU
		{ECBE3186-FEA7-41F0-8E17-52EE83D197A3}.Release|iPhoneSimulator.ActiveCfg = Release|Any CPU
		{ECBE3186-FEA7-41F0-8E17-52EE83D197A3}.Release|iPhoneSimulator.Build.0 = Release|Any CPU
		{ECBE3186-FEA7-41F0-8E17-52EE83D197A3}.Release|iPhoneSimulator.Deploy.0 = Release|Any CPU
		{ECBE3186-FEA7-41F0-8E17-52EE83D197A3}.Release|x64.ActiveCfg = Release|Any CPU
		{ECBE3186-FEA7-41F0-8E17-52EE83D197A3}.Release|x64.Build.0 = Release|Any CPU
		{ECBE3186-FEA7-41F0-8E17-52EE83D197A3}.Release|x64.Deploy.0 = Release|Any CPU
		{ECBE3186-FEA7-41F0-8E17-52EE83D197A3}.Release|x86.ActiveCfg = Release|Any CPU
		{ECBE3186-FEA7-41F0-8E17-52EE83D197A3}.Release|x86.Build.0 = Release|Any CPU
		{ECBE3186-FEA7-41F0-8E17-52EE83D197A3}.Release|x86.Deploy.0 = Release|Any CPU
		{67482503-5F39-4900-A834-73CCA00AF127}.Debug|Any CPU.ActiveCfg = Debug|iPhoneSimulator
		{67482503-5F39-4900-A834-73CCA00AF127}.Debug|ARM.ActiveCfg = Debug|iPhoneSimulator
		{67482503-5F39-4900-A834-73CCA00AF127}.Debug|iPhone.ActiveCfg = Debug|iPhone
		{67482503-5F39-4900-A834-73CCA00AF127}.Debug|iPhone.Build.0 = Debug|iPhone
		{67482503-5F39-4900-A834-73CCA00AF127}.Debug|iPhoneSimulator.ActiveCfg = Debug|iPhoneSimulator
		{67482503-5F39-4900-A834-73CCA00AF127}.Debug|iPhoneSimulator.Build.0 = Debug|iPhoneSimulator
		{67482503-5F39-4900-A834-73CCA00AF127}.Debug|x64.ActiveCfg = Debug|iPhoneSimulator
		{67482503-5F39-4900-A834-73CCA00AF127}.Debug|x86.ActiveCfg = Debug|iPhoneSimulator
		{67482503-5F39-4900-A834-73CCA00AF127}.Release|Any CPU.ActiveCfg = Release|iPhoneSimulator
		{67482503-5F39-4900-A834-73CCA00AF127}.Release|ARM.ActiveCfg = Release|iPhoneSimulator
		{67482503-5F39-4900-A834-73CCA00AF127}.Release|iPhone.ActiveCfg = Release|iPhone
		{67482503-5F39-4900-A834-73CCA00AF127}.Release|iPhone.Build.0 = Release|iPhone
		{67482503-5F39-4900-A834-73CCA00AF127}.Release|iPhoneSimulator.ActiveCfg = Release|iPhoneSimulator
		{67482503-5F39-4900-A834-73CCA00AF127}.Release|iPhoneSimulator.Build.0 = Release|iPhoneSimulator
		{67482503-5F39-4900-A834-73CCA00AF127}.Release|x64.ActiveCfg = Release|iPhoneSimulator
		{67482503-5F39-4900-A834-73CCA00AF127}.Release|x86.ActiveCfg = Release|iPhoneSimulator
		{2740729D-7AFE-4B27-A2FB-64432596C62F}.Debug|Any CPU.ActiveCfg = Debug|Any CPU
		{2740729D-7AFE-4B27-A2FB-64432596C62F}.Debug|Any CPU.Build.0 = Debug|Any CPU
		{2740729D-7AFE-4B27-A2FB-64432596C62F}.Debug|ARM.ActiveCfg = Debug|Any CPU
		{2740729D-7AFE-4B27-A2FB-64432596C62F}.Debug|ARM.Build.0 = Debug|Any CPU
		{2740729D-7AFE-4B27-A2FB-64432596C62F}.Debug|iPhone.ActiveCfg = Debug|Any CPU
		{2740729D-7AFE-4B27-A2FB-64432596C62F}.Debug|iPhone.Build.0 = Debug|Any CPU
		{2740729D-7AFE-4B27-A2FB-64432596C62F}.Debug|iPhoneSimulator.ActiveCfg = Debug|Any CPU
		{2740729D-7AFE-4B27-A2FB-64432596C62F}.Debug|iPhoneSimulator.Build.0 = Debug|Any CPU
		{2740729D-7AFE-4B27-A2FB-64432596C62F}.Debug|x64.ActiveCfg = Debug|Any CPU
		{2740729D-7AFE-4B27-A2FB-64432596C62F}.Debug|x64.Build.0 = Debug|Any CPU
		{2740729D-7AFE-4B27-A2FB-64432596C62F}.Debug|x86.ActiveCfg = Debug|Any CPU
		{2740729D-7AFE-4B27-A2FB-64432596C62F}.Debug|x86.Build.0 = Debug|Any CPU
		{2740729D-7AFE-4B27-A2FB-64432596C62F}.Release|Any CPU.ActiveCfg = Release|Any CPU
		{2740729D-7AFE-4B27-A2FB-64432596C62F}.Release|Any CPU.Build.0 = Release|Any CPU
		{2740729D-7AFE-4B27-A2FB-64432596C62F}.Release|ARM.ActiveCfg = Release|Any CPU
		{2740729D-7AFE-4B27-A2FB-64432596C62F}.Release|ARM.Build.0 = Release|Any CPU
		{2740729D-7AFE-4B27-A2FB-64432596C62F}.Release|iPhone.ActiveCfg = Release|Any CPU
		{2740729D-7AFE-4B27-A2FB-64432596C62F}.Release|iPhone.Build.0 = Release|Any CPU
		{2740729D-7AFE-4B27-A2FB-64432596C62F}.Release|iPhoneSimulator.ActiveCfg = Release|Any CPU
		{2740729D-7AFE-4B27-A2FB-64432596C62F}.Release|iPhoneSimulator.Build.0 = Release|Any CPU
		{2740729D-7AFE-4B27-A2FB-64432596C62F}.Release|x64.ActiveCfg = Release|Any CPU
		{2740729D-7AFE-4B27-A2FB-64432596C62F}.Release|x64.Build.0 = Release|Any CPU
		{2740729D-7AFE-4B27-A2FB-64432596C62F}.Release|x86.ActiveCfg = Release|Any CPU
		{2740729D-7AFE-4B27-A2FB-64432596C62F}.Release|x86.Build.0 = Release|Any CPU
	EndGlobalSection
	GlobalSection(SolutionProperties) = preSolution
		HideSolutionNode = FALSE
	EndGlobalSection
	GlobalSection(NestedProjects) = preSolution
		{03B7134C-1BB5-4F6D-8DC3-63CF0264E938} = {345BC285-0A72-4DEF-89E0-23BE730E7E6F}
		{ECBE3186-FEA7-41F0-8E17-52EE83D197A3} = {345BC285-0A72-4DEF-89E0-23BE730E7E6F}
		{67482503-5F39-4900-A834-73CCA00AF127} = {345BC285-0A72-4DEF-89E0-23BE730E7E6F}
		{2740729D-7AFE-4B27-A2FB-64432596C62F} = {345BC285-0A72-4DEF-89E0-23BE730E7E6F}
	EndGlobalSection
	GlobalSection(ExtensibilityGlobals) = postSolution
		SolutionGuid = {53029FC7-79C3-49C4-ABD1-DDFAD2A35C91}
	EndGlobalSection
EndGlobal
