
Microsoft Visual Studio Solution File, Format Version 12.00
# Visual Studio Version 16
VisualStudioVersion = 16.0.30804.86
MinimumVisualStudioVersion = 10.0.40219.1
Project("{9A19103F-16F7-4668-BE54-9A1E7A4F7556}") = "exploreMostar.WebAPI", "exploreMostar.WEBAPI\exploreMostar.WebAPI.csproj", "{48137719-7E2D-4246-98CC-41059CB38EC3}"
EndProject
Project("{9A19103F-16F7-4668-BE54-9A1E7A4F7556}") = "exploreMostar.Model", "exploreMostar.Model\exploreMostar.Model.csproj", "{8DFAA9A0-88BD-45A8-BED3-63027DD0DBCD}"
EndProject
Project("{FAE04EC0-301F-11D3-BF4B-00C04F79EFBC}") = "exploreMostar.WinUI", "exploreMostar.WinUI\exploreMostar.WinUI.csproj", "{30C232AC-9B11-4430-9839-A47058C466F1}"
EndProject
Global
	GlobalSection(SolutionConfigurationPlatforms) = preSolution
		Debug|Any CPU = Debug|Any CPU
		Debug|ARM = Debug|ARM
		Debug|iPhone = Debug|iPhone
		Debug|iPhoneSimulator = Debug|iPhoneSimulator
		Debug|x64 = Debug|x64
		Debug|x86 = Debug|x86
		Release|Any CPU = Release|Any CPU
		Release|ARM = Release|ARM
		Release|iPhone = Release|iPhone
		Release|iPhoneSimulator = Release|iPhoneSimulator
		Release|x64 = Release|x64
		Release|x86 = Release|x86
	EndGlobalSection
	GlobalSection(ProjectConfigurationPlatforms) = postSolution
		{48137719-7E2D-4246-98CC-41059CB38EC3}.Debug|Any CPU.ActiveCfg = Debug|Any CPU
		{48137719-7E2D-4246-98CC-41059CB38EC3}.Debug|Any CPU.Build.0 = Debug|Any CPU
		{48137719-7E2D-4246-98CC-41059CB38EC3}.Debug|ARM.ActiveCfg = Debug|Any CPU
		{48137719-7E2D-4246-98CC-41059CB38EC3}.Debug|ARM.Build.0 = Debug|Any CPU
		{48137719-7E2D-4246-98CC-41059CB38EC3}.Debug|iPhone.ActiveCfg = Debug|Any CPU
		{48137719-7E2D-4246-98CC-41059CB38EC3}.Debug|iPhone.Build.0 = Debug|Any CPU
		{48137719-7E2D-4246-98CC-41059CB38EC3}.Debug|iPhoneSimulator.ActiveCfg = Debug|Any CPU
		{48137719-7E2D-4246-98CC-41059CB38EC3}.Debug|iPhoneSimulator.Build.0 = Debug|Any CPU
		{48137719-7E2D-4246-98CC-41059CB38EC3}.Debug|x64.ActiveCfg = Debug|Any CPU
		{48137719-7E2D-4246-98CC-41059CB38EC3}.Debug|x64.Build.0 = Debug|Any CPU
		{48137719-7E2D-4246-98CC-41059CB38EC3}.Debug|x86.ActiveCfg = Debug|Any CPU
		{48137719-7E2D-4246-98CC-41059CB38EC3}.Debug|x86.Build.0 = Debug|Any CPU
		{48137719-7E2D-4246-98CC-41059CB38EC3}.Release|Any CPU.ActiveCfg = Release|Any CPU
		{48137719-7E2D-4246-98CC-41059CB38EC3}.Release|Any CPU.Build.0 = Release|Any CPU
		{48137719-7E2D-4246-98CC-41059CB38EC3}.Release|ARM.ActiveCfg = Release|Any CPU
		{48137719-7E2D-4246-98CC-41059CB38EC3}.Release|ARM.Build.0 = Release|Any CPU
		{48137719-7E2D-4246-98CC-41059CB38EC3}.Release|iPhone.ActiveCfg = Release|Any CPU
		{48137719-7E2D-4246-98CC-41059CB38EC3}.Release|iPhone.Build.0 = Release|Any CPU
		{48137719-7E2D-4246-98CC-41059CB38EC3}.Release|iPhoneSimulator.ActiveCfg = Release|Any CPU
		{48137719-7E2D-4246-98CC-41059CB38EC3}.Release|iPhoneSimulator.Build.0 = Release|Any CPU
		{48137719-7E2D-4246-98CC-41059CB38EC3}.Release|x64.ActiveCfg = Release|Any CPU
		{48137719-7E2D-4246-98CC-41059CB38EC3}.Release|x64.Build.0 = Release|Any CPU
		{48137719-7E2D-4246-98CC-41059CB38EC3}.Release|x86.ActiveCfg = Release|Any CPU
		{48137719-7E2D-4246-98CC-41059CB38EC3}.Release|x86.Build.0 = Release|Any CPU
		{8DFAA9A0-88BD-45A8-BED3-63027DD0DBCD}.Debug|Any CPU.ActiveCfg = Debug|Any CPU
		{8DFAA9A0-88BD-45A8-BED3-63027DD0DBCD}.Debug|Any CPU.Build.0 = Debug|Any CPU
		{8DFAA9A0-88BD-45A8-BED3-63027DD0DBCD}.Debug|ARM.ActiveCfg = Debug|Any CPU
		{8DFAA9A0-88BD-45A8-BED3-63027DD0DBCD}.Debug|ARM.Build.0 = Debug|Any CPU
		{8DFAA9A0-88BD-45A8-BED3-63027DD0DBCD}.Debug|iPhone.ActiveCfg = Debug|Any CPU
		{8DFAA9A0-88BD-45A8-BED3-63027DD0DBCD}.Debug|iPhone.Build.0 = Debug|Any CPU
		{8DFAA9A0-88BD-45A8-BED3-63027DD0DBCD}.Debug|iPhoneSimulator.ActiveCfg = Debug|Any CPU
		{8DFAA9A0-88BD-45A8-BED3-63027DD0DBCD}.Debug|iPhoneSimulator.Build.0 = Debug|Any CPU
		{8DFAA9A0-88BD-45A8-BED3-63027DD0DBCD}.Debug|x64.ActiveCfg = Debug|Any CPU
		{8DFAA9A0-88BD-45A8-BED3-63027DD0DBCD}.Debug|x64.Build.0 = Debug|Any CPU
		{8DFAA9A0-88BD-45A8-BED3-63027DD0DBCD}.Debug|x86.ActiveCfg = Debug|Any CPU
		{8DFAA9A0-88BD-45A8-BED3-63027DD0DBCD}.Debug|x86.Build.0 = Debug|Any CPU
		{8DFAA9A0-88BD-45A8-BED3-63027DD0DBCD}.Release|Any CPU.ActiveCfg = Release|Any CPU
		{8DFAA9A0-88BD-45A8-BED3-63027DD0DBCD}.Release|Any CPU.Build.0 = Release|Any CPU
		{8DFAA9A0-88BD-45A8-BED3-63027DD0DBCD}.Release|ARM.ActiveCfg = Release|Any CPU
		{8DFAA9A0-88BD-45A8-BED3-63027DD0DBCD}.Release|ARM.Build.0 = Release|Any CPU
		{8DFAA9A0-88BD-45A8-BED3-63027DD0DBCD}.Release|iPhone.ActiveCfg = Release|Any CPU
		{8DFAA9A0-88BD-45A8-BED3-63027DD0DBCD}.Release|iPhone.Build.0 = Release|Any CPU
		{8DFAA9A0-88BD-45A8-BED3-63027DD0DBCD}.Release|iPhoneSimulator.ActiveCfg = Release|Any CPU
		{8DFAA9A0-88BD-45A8-BED3-63027DD0DBCD}.Release|iPhoneSimulator.Build.0 = Release|Any CPU
		{8DFAA9A0-88BD-45A8-BED3-63027DD0DBCD}.Release|x64.ActiveCfg = Release|Any CPU
		{8DFAA9A0-88BD-45A8-BED3-63027DD0DBCD}.Release|x64.Build.0 = Release|Any CPU
		{8DFAA9A0-88BD-45A8-BED3-63027DD0DBCD}.Release|x86.ActiveCfg = Release|Any CPU
		{8DFAA9A0-88BD-45A8-BED3-63027DD0DBCD}.Release|x86.Build.0 = Release|Any CPU
		{30C232AC-9B11-4430-9839-A47058C466F1}.Debug|Any CPU.ActiveCfg = Debug|Any CPU
		{30C232AC-9B11-4430-9839-A47058C466F1}.Debug|Any CPU.Build.0 = Debug|Any CPU
		{30C232AC-9B11-4430-9839-A47058C466F1}.Debug|ARM.ActiveCfg = Debug|Any CPU
		{30C232AC-9B11-4430-9839-A47058C466F1}.Debug|ARM.Build.0 = Debug|Any CPU
		{30C232AC-9B11-4430-9839-A47058C466F1}.Debug|iPhone.ActiveCfg = Debug|Any CPU
		{30C232AC-9B11-4430-9839-A47058C466F1}.Debug|iPhone.Build.0 = Debug|Any CPU
		{30C232AC-9B11-4430-9839-A47058C466F1}.Debug|iPhoneSimulator.ActiveCfg = Debug|Any CPU
		{30C232AC-9B11-4430-9839-A47058C466F1}.Debug|iPhoneSimulator.Build.0 = Debug|Any CPU
		{30C232AC-9B11-4430-9839-A47058C466F1}.Debug|x64.ActiveCfg = Debug|Any CPU
		{30C232AC-9B11-4430-9839-A47058C466F1}.Debug|x64.Build.0 = Debug|Any CPU
		{30C232AC-9B11-4430-9839-A47058C466F1}.Debug|x86.ActiveCfg = Debug|Any CPU
		{30C232AC-9B11-4430-9839-A47058C466F1}.Debug|x86.Build.0 = Debug|Any CPU
		{30C232AC-9B11-4430-9839-A47058C466F1}.Release|Any CPU.ActiveCfg = Release|Any CPU
		{30C232AC-9B11-4430-9839-A47058C466F1}.Release|Any CPU.Build.0 = Release|Any CPU
		{30C232AC-9B11-4430-9839-A47058C466F1}.Release|ARM.ActiveCfg = Release|Any CPU
		{30C232AC-9B11-4430-9839-A47058C466F1}.Release|ARM.Build.0 = Release|Any CPU
		{30C232AC-9B11-4430-9839-A47058C466F1}.Release|iPhone.ActiveCfg = Release|Any CPU
		{30C232AC-9B11-4430-9839-A47058C466F1}.Release|iPhone.Build.0 = Release|Any CPU
		{30C232AC-9B11-4430-9839-A47058C466F1}.Release|iPhoneSimulator.ActiveCfg = Release|Any CPU
		{30C232AC-9B11-4430-9839-A47058C466F1}.Release|iPhoneSimulator.Build.0 = Release|Any CPU
		{30C232AC-9B11-4430-9839-A47058C466F1}.Release|x64.ActiveCfg = Release|Any CPU
		{30C232AC-9B11-4430-9839-A47058C466F1}.Release|x64.Build.0 = Release|Any CPU
		{30C232AC-9B11-4430-9839-A47058C466F1}.Release|x86.ActiveCfg = Release|Any CPU
		{30C232AC-9B11-4430-9839-A47058C466F1}.Release|x86.Build.0 = Release|Any CPU
	EndGlobalSection
	GlobalSection(SolutionProperties) = preSolution
		HideSolutionNode = FALSE
	EndGlobalSection
	GlobalSection(ExtensibilityGlobals) = postSolution
		SolutionGuid = {53029FC7-79C3-49C4-ABD1-DDFAD2A35C91}
	EndGlobalSection
EndGlobal
